// !$*UTF8*$!
{
	archiveVersion = 1;
	classes = {
	};
	objectVersion = 56;
	objects = {

/* Begin PBXBuildFile section */
		52792EC32BEA1F8B00495BD6 /* AppDelegate.swift in Sources */ = {isa = PBXBuildFile; fileRef = 52792EC22BEA1F8B00495BD6 /* AppDelegate.swift */; };
		52792EC52BEA1F8B00495BD6 /* SceneDelegate.swift in Sources */ = {isa = PBXBuildFile; fileRef = 52792EC42BEA1F8B00495BD6 /* SceneDelegate.swift */; };
		52792EC72BEA1F8B00495BD6 /* ViewController.swift in Sources */ = {isa = PBXBuildFile; fileRef = 52792EC62BEA1F8B00495BD6 /* ViewController.swift */; };
		52792ECA2BEA1F8B00495BD6 /* Main.storyboard in Resources */ = {isa = PBXBuildFile; fileRef = 52792EC82BEA1F8B00495BD6 /* Main.storyboard */; };
		52792ECC2BEA1F8E00495BD6 /* Assets.xcassets in Resources */ = {isa = PBXBuildFile; fileRef = 52792ECB2BEA1F8E00495BD6 /* Assets.xcassets */; };
		52792ECF2BEA1F8F00495BD6 /* LaunchScreen.storyboard in Resources */ = {isa = PBXBuildFile; fileRef = 52792ECD2BEA1F8F00495BD6 /* LaunchScreen.storyboard */; };
		52792EDA2BEA1F8F00495BD6 /* VNPayCodingChallengeTests.swift in Sources */ = {isa = PBXBuildFile; fileRef = 52792ED92BEA1F8F00495BD6 /* VNPayCodingChallengeTests.swift */; };
		52792EE42BEA1F8F00495BD6 /* VNPayCodingChallengeUITests.swift in Sources */ = {isa = PBXBuildFile; fileRef = 52792EE32BEA1F8F00495BD6 /* VNPayCodingChallengeUITests.swift */; };
		52792EE62BEA1F8F00495BD6 /* VNPayCodingChallengeUITestsLaunchTests.swift in Sources */ = {isa = PBXBuildFile; fileRef = 52792EE52BEA1F8F00495BD6 /* VNPayCodingChallengeUITestsLaunchTests.swift */; };
/* End PBXBuildFile section */

/* Begin PBXContainerItemProxy section */
		52792ED62BEA1F8F00495BD6 /* PBXContainerItemProxy */ = {
			isa = PBXContainerItemProxy;
			containerPortal = 52792EB72BEA1F8B00495BD6 /* Project object */;
			proxyType = 1;
			remoteGlobalIDString = 52792EBE2BEA1F8B00495BD6;
			remoteInfo = VNPayCodingChallenge;
		};
		52792EE02BEA1F8F00495BD6 /* PBXContainerItemProxy */ = {
			isa = PBXContainerItemProxy;
			containerPortal = 52792EB72BEA1F8B00495BD6 /* Project object */;
			proxyType = 1;
			remoteGlobalIDString = 52792EBE2BEA1F8B00495BD6;
			remoteInfo = VNPayCodingChallenge;
		};
/* End PBXContainerItemProxy section */

/* Begin PBXFileReference section */
		52792EBF2BEA1F8B00495BD6 /* VNPayCodingChallenge.app */ = {isa = PBXFileReference; explicitFileType = wrapper.application; includeInIndex = 0; path = VNPayCodingChallenge.app; sourceTree = BUILT_PRODUCTS_DIR; };
		52792EC22BEA1F8B00495BD6 /* AppDelegate.swift */ = {isa = PBXFileReference; lastKnownFileType = sourcecode.swift; path = AppDelegate.swift; sourceTree = "<group>"; };
		52792EC42BEA1F8B00495BD6 /* SceneDelegate.swift */ = {isa = PBXFileReference; lastKnownFileType = sourcecode.swift; path = SceneDelegate.swift; sourceTree = "<group>"; };
		52792EC62BEA1F8B00495BD6 /* ViewController.swift */ = {isa = PBXFileReference; lastKnownFileType = sourcecode.swift; path = ViewController.swift; sourceTree = "<group>"; };
		52792EC92BEA1F8B00495BD6 /* Base */ = {isa = PBXFileReference; lastKnownFileType = file.storyboard; name = Base; path = Base.lproj/Main.storyboard; sourceTree = "<group>"; };
		52792ECB2BEA1F8E00495BD6 /* Assets.xcassets */ = {isa = PBXFileReference; lastKnownFileType = folder.assetcatalog; path = Assets.xcassets; sourceTree = "<group>"; };
		52792ECE2BEA1F8F00495BD6 /* Base */ = {isa = PBXFileReference; lastKnownFileType = file.storyboard; name = Base; path = Base.lproj/LaunchScreen.storyboard; sourceTree = "<group>"; };
		52792ED02BEA1F8F00495BD6 /* Info.plist */ = {isa = PBXFileReference; lastKnownFileType = text.plist.xml; path = Info.plist; sourceTree = "<group>"; };
		52792ED52BEA1F8F00495BD6 /* VNPayCodingChallengeTests.xctest */ = {isa = PBXFileReference; explicitFileType = wrapper.cfbundle; includeInIndex = 0; path = VNPayCodingChallengeTests.xctest; sourceTree = BUILT_PRODUCTS_DIR; };
		52792ED92BEA1F8F00495BD6 /* VNPayCodingChallengeTests.swift */ = {isa = PBXFileReference; lastKnownFileType = sourcecode.swift; path = VNPayCodingChallengeTests.swift; sourceTree = "<group>"; };
		52792EDF2BEA1F8F00495BD6 /* VNPayCodingChallengeUITests.xctest */ = {isa = PBXFileReference; explicitFileType = wrapper.cfbundle; includeInIndex = 0; path = VNPayCodingChallengeUITests.xctest; sourceTree = BUILT_PRODUCTS_DIR; };
		52792EE32BEA1F8F00495BD6 /* VNPayCodingChallengeUITests.swift */ = {isa = PBXFileReference; lastKnownFileType = sourcecode.swift; path = VNPayCodingChallengeUITests.swift; sourceTree = "<group>"; };
		52792EE52BEA1F8F00495BD6 /* VNPayCodingChallengeUITestsLaunchTests.swift */ = {isa = PBXFileReference; lastKnownFileType = sourcecode.swift; path = VNPayCodingChallengeUITestsLaunchTests.swift; sourceTree = "<group>"; };
/* End PBXFileReference section */

/* Begin PBXFrameworksBuildPhase section */
		52792EBC2BEA1F8B00495BD6 /* Frameworks */ = {
			isa = PBXFrameworksBuildPhase;
			buildActionMask = 2147483647;
			files = (
			);
			runOnlyForDeploymentPostprocessing = 0;
		};
		52792ED22BEA1F8F00495BD6 /* Frameworks */ = {
			isa = PBXFrameworksBuildPhase;
			buildActionMask = 2147483647;
			files = (
			);
			runOnlyForDeploymentPostprocessing = 0;
		};
		52792EDC2BEA1F8F00495BD6 /* Frameworks */ = {
			isa = PBXFrameworksBuildPhase;
			buildActionMask = 2147483647;
			files = (
			);
			runOnlyForDeploymentPostprocessing = 0;
		};
/* End PBXFrameworksBuildPhase section */

/* Begin PBXGroup section */
		52792EB62BEA1F8B00495BD6 = {
			isa = PBXGroup;
			children = (
				52792EC12BEA1F8B00495BD6 /* VNPayCodingChallenge */,
				52792ED82BEA1F8F00495BD6 /* VNPayCodingChallengeTests */,
				52792EE22BEA1F8F00495BD6 /* VNPayCodingChallengeUITests */,
				52792EC02BEA1F8B00495BD6 /* Products */,
			);
			sourceTree = "<group>";
		};
		52792EC02BEA1F8B00495BD6 /* Products */ = {
			isa = PBXGroup;
			children = (
				52792EBF2BEA1F8B00495BD6 /* VNPayCodingChallenge.app */,
				52792ED52BEA1F8F00495BD6 /* VNPayCodingChallengeTests.xctest */,
				52792EDF2BEA1F8F00495BD6 /* VNPayCodingChallengeUITests.xctest */,
			);
			name = Products;
			sourceTree = "<group>";
		};
		52792EC12BEA1F8B00495BD6 /* VNPayCodingChallenge */ = {
			isa = PBXGroup;
			children = (
				52792EC22BEA1F8B00495BD6 /* AppDelegate.swift */,
				52792EC42BEA1F8B00495BD6 /* SceneDelegate.swift */,
				52792EC62BEA1F8B00495BD6 /* ViewController.swift */,
				52792EC82BEA1F8B00495BD6 /* Main.storyboard */,
				52792ECB2BEA1F8E00495BD6 /* Assets.xcassets */,
				52792ECD2BEA1F8F00495BD6 /* LaunchScreen.storyboard */,
				52792ED02BEA1F8F00495BD6 /* Info.plist */,
			);
			path = VNPayCodingChallenge;
			sourceTree = "<group>";
		};
		52792ED82BEA1F8F00495BD6 /* VNPayCodingChallengeTests */ = {
			isa = PBXGroup;
			children = (
				52792ED92BEA1F8F00495BD6 /* VNPayCodingChallengeTests.swift */,
			);
			path = VNPayCodingChallengeTests;
			sourceTree = "<group>";
		};
		52792EE22BEA1F8F00495BD6 /* VNPayCodingChallengeUITests */ = {
			isa = PBXGroup;
			children = (
				52792EE32BEA1F8F00495BD6 /* VNPayCodingChallengeUITests.swift */,
				52792EE52BEA1F8F00495BD6 /* VNPayCodingChallengeUITestsLaunchTests.swift */,
			);
			path = VNPayCodingChallengeUITests;
			sourceTree = "<group>";
		};
/* End PBXGroup section */

/* Begin PBXNativeTarget section */
		52792EBE2BEA1F8B00495BD6 /* VNPayCodingChallenge */ = {
			isa = PBXNativeTarget;
			buildConfigurationList = 52792EE92BEA1F8F00495BD6 /* Build configuration list for PBXNativeTarget "VNPayCodingChallenge" */;
			buildPhases = (
				52792EBB2BEA1F8B00495BD6 /* Sources */,
				52792EBC2BEA1F8B00495BD6 /* Frameworks */,
				52792EBD2BEA1F8B00495BD6 /* Resources */,
			);
			buildRules = (
			);
			dependencies = (
			);
			name = VNPayCodingChallenge;
			productName = VNPayCodingChallenge;
			productReference = 52792EBF2BEA1F8B00495BD6 /* VNPayCodingChallenge.app */;
			productType = "com.apple.product-type.application";
		};
		52792ED42BEA1F8F00495BD6 /* VNPayCodingChallengeTests */ = {
			isa = PBXNativeTarget;
			buildConfigurationList = 52792EEC2BEA1F8F00495BD6 /* Build configuration list for PBXNativeTarget "VNPayCodingChallengeTests" */;
			buildPhases = (
				52792ED12BEA1F8F00495BD6 /* Sources */,
				52792ED22BEA1F8F00495BD6 /* Frameworks */,
				52792ED32BEA1F8F00495BD6 /* Resources */,
			);
			buildRules = (
			);
			dependencies = (
				52792ED72BEA1F8F00495BD6 /* PBXTargetDependency */,
			);
			name = VNPayCodingChallengeTests;
			productName = VNPayCodingChallengeTests;
			productReference = 52792ED52BEA1F8F00495BD6 /* VNPayCodingChallengeTests.xctest */;
			productType = "com.apple.product-type.bundle.unit-test";
		};
		52792EDE2BEA1F8F00495BD6 /* VNPayCodingChallengeUITests */ = {
			isa = PBXNativeTarget;
			buildConfigurationList = 52792EEF2BEA1F8F00495BD6 /* Build configuration list for PBXNativeTarget "VNPayCodingChallengeUITests" */;
			buildPhases = (
				52792EDB2BEA1F8F00495BD6 /* Sources */,
				52792EDC2BEA1F8F00495BD6 /* Frameworks */,
				52792EDD2BEA1F8F00495BD6 /* Resources */,
			);
			buildRules = (
			);
			dependencies = (
				52792EE12BEA1F8F00495BD6 /* PBXTargetDependency */,
			);
			name = VNPayCodingChallengeUITests;
			productName = VNPayCodingChallengeUITests;
			productReference = 52792EDF2BEA1F8F00495BD6 /* VNPayCodingChallengeUITests.xctest */;
			productType = "com.apple.product-type.bundle.ui-testing";
		};
/* End PBXNativeTarget section */

/* Begin PBXProject section */
		52792EB72BEA1F8B00495BD6 /* Project object */ = {
			isa = PBXProject;
			attributes = {
				BuildIndependentTargetsInParallel = 1;
				LastSwiftUpdateCheck = 1500;
				LastUpgradeCheck = 1500;
				TargetAttributes = {
					52792EBE2BEA1F8B00495BD6 = {
						CreatedOnToolsVersion = 15.0;
					};
					52792ED42BEA1F8F00495BD6 = {
						CreatedOnToolsVersion = 15.0;
						TestTargetID = 52792EBE2BEA1F8B00495BD6;
					};
					52792EDE2BEA1F8F00495BD6 = {
						CreatedOnToolsVersion = 15.0;
						TestTargetID = 52792EBE2BEA1F8B00495BD6;
					};
				};
			};
			buildConfigurationList = 52792EBA2BEA1F8B00495BD6 /* Build configuration list for PBXProject "VNPayCodingChallenge" */;
			compatibilityVersion = "Xcode 14.0";
			developmentRegion = en;
			hasScannedForEncodings = 0;
			knownRegions = (
				en,
				Base,
			);
			mainGroup = 52792EB62BEA1F8B00495BD6;
			productRefGroup = 52792EC02BEA1F8B00495BD6 /* Products */;
			projectDirPath = "";
			projectRoot = "";
			targets = (
				52792EBE2BEA1F8B00495BD6 /* VNPayCodingChallenge */,
				52792ED42BEA1F8F00495BD6 /* VNPayCodingChallengeTests */,
				52792EDE2BEA1F8F00495BD6 /* VNPayCodingChallengeUITests */,
			);
		};
/* End PBXProject section */

/* Begin PBXResourcesBuildPhase section */
		52792EBD2BEA1F8B00495BD6 /* Resources */ = {
			isa = PBXResourcesBuildPhase;
			buildActionMask = 2147483647;
			files = (
				52792ECF2BEA1F8F00495BD6 /* LaunchScreen.storyboard in Resources */,
				52792ECC2BEA1F8E00495BD6 /* Assets.xcassets in Resources */,
				52792ECA2BEA1F8B00495BD6 /* Main.storyboard in Resources */,
			);
			runOnlyForDeploymentPostprocessing = 0;
		};
		52792ED32BEA1F8F00495BD6 /* Resources */ = {
			isa = PBXResourcesBuildPhase;
			buildActionMask = 2147483647;
			files = (
			);
			runOnlyForDeploymentPostprocessing = 0;
		};
		52792EDD2BEA1F8F00495BD6 /* Resources */ = {
			isa = PBXResourcesBuildPhase;
			buildActionMask = 2147483647;
			files = (
			);
			runOnlyForDeploymentPostprocessing = 0;
		};
/* End PBXResourcesBuildPhase section */

/* Begin PBXSourcesBuildPhase section */
		52792EBB2BEA1F8B00495BD6 /* Sources */ = {
			isa = PBXSourcesBuildPhase;
			buildActionMask = 2147483647;
			files = (
				52792EC72BEA1F8B00495BD6 /* ViewController.swift in Sources */,
				52792EC32BEA1F8B00495BD6 /* AppDelegate.swift in Sources */,
				52792EC52BEA1F8B00495BD6 /* SceneDelegate.swift in Sources */,
			);
			runOnlyForDeploymentPostprocessing = 0;
		};
		52792ED12BEA1F8F00495BD6 /* Sources */ = {
			isa = PBXSourcesBuildPhase;
			buildActionMask = 2147483647;
			files = (
				52792EDA2BEA1F8F00495BD6 /* VNPayCodingChallengeTests.swift in Sources */,
			);
			runOnlyForDeploymentPostprocessing = 0;
		};
		52792EDB2BEA1F8F00495BD6 /* Sources */ = {
			isa = PBXSourcesBuildPhase;
			buildActionMask = 2147483647;
			files = (
				52792EE42BEA1F8F00495BD6 /* VNPayCodingChallengeUITests.swift in Sources */,
				52792EE62BEA1F8F00495BD6 /* VNPayCodingChallengeUITestsLaunchTests.swift in Sources */,
			);
			runOnlyForDeploymentPostprocessing = 0;
		};
/* End PBXSourcesBuildPhase section */

/* Begin PBXTargetDependency section */
		52792ED72BEA1F8F00495BD6 /* PBXTargetDependency */ = {
			isa = PBXTargetDependency;
			target = 52792EBE2BEA1F8B00495BD6 /* VNPayCodingChallenge */;
			targetProxy = 52792ED62BEA1F8F00495BD6 /* PBXContainerItemProxy */;
		};
		52792EE12BEA1F8F00495BD6 /* PBXTargetDependency */ = {
			isa = PBXTargetDependency;
			target = 52792EBE2BEA1F8B00495BD6 /* VNPayCodingChallenge */;
			targetProxy = 52792EE02BEA1F8F00495BD6 /* PBXContainerItemProxy */;
		};
/* End PBXTargetDependency section */

/* Begin PBXVariantGroup section */
		52792EC82BEA1F8B00495BD6 /* Main.storyboard */ = {
			isa = PBXVariantGroup;
			children = (
				52792EC92BEA1F8B00495BD6 /* Base */,
			);
			name = Main.storyboard;
			sourceTree = "<group>";
		};
		52792ECD2BEA1F8F00495BD6 /* LaunchScreen.storyboard */ = {
			isa = PBXVariantGroup;
			children = (
				52792ECE2BEA1F8F00495BD6 /* Base */,
			);
			name = LaunchScreen.storyboard;
			sourceTree = "<group>";
		};
/* End PBXVariantGroup section */

/* Begin XCBuildConfiguration section */
		52792EE72BEA1F8F00495BD6 /* Debug */ = {
			isa = XCBuildConfiguration;
			buildSettings = {
				ALWAYS_SEARCH_USER_PATHS = NO;
				ASSETCATALOG_COMPILER_GENERATE_SWIFT_ASSET_SYMBOL_EXTENSIONS = YES;
				CLANG_ANALYZER_NONNULL = YES;
				CLANG_ANALYZER_NUMBER_OBJECT_CONVERSION = YES_AGGRESSIVE;
				CLANG_CXX_LANGUAGE_STANDARD = "gnu++20";
				CLANG_ENABLE_MODULES = YES;
				CLANG_ENABLE_OBJC_ARC = YES;
				CLANG_ENABLE_OBJC_WEAK = YES;
				CLANG_WARN_BLOCK_CAPTURE_AUTORELEASING = YES;
				CLANG_WARN_BOOL_CONVERSION = YES;
				CLANG_WARN_COMMA = YES;
				CLANG_WARN_CONSTANT_CONVERSION = YES;
				CLANG_WARN_DEPRECATED_OBJC_IMPLEMENTATIONS = YES;
				CLANG_WARN_DIRECT_OBJC_ISA_USAGE = YES_ERROR;
				CLANG_WARN_DOCUMENTATION_COMMENTS = YES;
				CLANG_WARN_EMPTY_BODY = YES;
				CLANG_WARN_ENUM_CONVERSION = YES;
				CLANG_WARN_INFINITE_RECURSION = YES;
				CLANG_WARN_INT_CONVERSION = YES;
				CLANG_WARN_NON_LITERAL_NULL_CONVERSION = YES;
				CLANG_WARN_OBJC_IMPLICIT_RETAIN_SELF = YES;
				CLANG_WARN_OBJC_LITERAL_CONVERSION = YES;
				CLANG_WARN_OBJC_ROOT_CLASS = YES_ERROR;
				CLANG_WARN_QUOTED_INCLUDE_IN_FRAMEWORK_HEADER = YES;
				CLANG_WARN_RANGE_LOOP_ANALYSIS = YES;
				CLANG_WARN_STRICT_PROTOTYPES = YES;
				CLANG_WARN_SUSPICIOUS_MOVE = YES;
				CLANG_WARN_UNGUARDED_AVAILABILITY = YES_AGGRESSIVE;
				CLANG_WARN_UNREACHABLE_CODE = YES;
				CLANG_WARN__DUPLICATE_METHOD_MATCH = YES;
				COPY_PHASE_STRIP = NO;
				DEBUG_INFORMATION_FORMAT = dwarf;
				ENABLE_STRICT_OBJC_MSGSEND = YES;
				ENABLE_TESTABILITY = YES;
				ENABLE_USER_SCRIPT_SANDBOXING = YES;
				GCC_C_LANGUAGE_STANDARD = gnu17;
				GCC_DYNAMIC_NO_PIC = NO;
				GCC_NO_COMMON_BLOCKS = YES;
				GCC_OPTIMIZATION_LEVEL = 0;
				GCC_PREPROCESSOR_DEFINITIONS = (
					"DEBUG=1",
					"$(inherited)",
				);
				GCC_WARN_64_TO_32_BIT_CONVERSION = YES;
				GCC_WARN_ABOUT_RETURN_TYPE = YES_ERROR;
				GCC_WARN_UNDECLARED_SELECTOR = YES;
				GCC_WARN_UNINITIALIZED_AUTOS = YES_AGGRESSIVE;
				GCC_WARN_UNUSED_FUNCTION = YES;
				GCC_WARN_UNUSED_VARIABLE = YES;
				IPHONEOS_DEPLOYMENT_TARGET = 17.0;
				LOCALIZATION_PREFERS_STRING_CATALOGS = YES;
				MTL_ENABLE_DEBUG_INFO = INCLUDE_SOURCE;
				MTL_FAST_MATH = YES;
				ONLY_ACTIVE_ARCH = YES;
				SDKROOT = iphoneos;
				SWIFT_ACTIVE_COMPILATION_CONDITIONS = "DEBUG $(inherited)";
				SWIFT_OPTIMIZATION_LEVEL = "-Onone";
			};
			name = Debug;
		};
		52792EE82BEA1F8F00495BD6 /* Release */ = {
			isa = XCBuildConfiguration;
			buildSettings = {
				ALWAYS_SEARCH_USER_PATHS = NO;
				ASSETCATALOG_COMPILER_GENERATE_SWIFT_ASSET_SYMBOL_EXTENSIONS = YES;
				CLANG_ANALYZER_NONNULL = YES;
				CLANG_ANALYZER_NUMBER_OBJECT_CONVERSION = YES_AGGRESSIVE;
				CLANG_CXX_LANGUAGE_STANDARD = "gnu++20";
				CLANG_ENABLE_MODULES = YES;
				CLANG_ENABLE_OBJC_ARC = YES;
				CLANG_ENABLE_OBJC_WEAK = YES;
				CLANG_WARN_BLOCK_CAPTURE_AUTORELEASING = YES;
				CLANG_WARN_BOOL_CONVERSION = YES;
				CLANG_WARN_COMMA = YES;
				CLANG_WARN_CONSTANT_CONVERSION = YES;
				CLANG_WARN_DEPRECATED_OBJC_IMPLEMENTATIONS = YES;
				CLANG_WARN_DIRECT_OBJC_ISA_USAGE = YES_ERROR;
				CLANG_WARN_DOCUMENTATION_COMMENTS = YES;
				CLANG_WARN_EMPTY_BODY = YES;
				CLANG_WARN_ENUM_CONVERSION = YES;
				CLANG_WARN_INFINITE_RECURSION = YES;
				CLANG_WARN_INT_CONVERSION = YES;
				CLANG_WARN_NON_LITERAL_NULL_CONVERSION = YES;
				CLANG_WARN_OBJC_IMPLICIT_RETAIN_SELF = YES;
				CLANG_WARN_OBJC_LITERAL_CONVERSION = YES;
				CLANG_WARN_OBJC_ROOT_CLASS = YES_ERROR;
				CLANG_WARN_QUOTED_INCLUDE_IN_FRAMEWORK_HEADER = YES;
				CLANG_WARN_RANGE_LOOP_ANALYSIS = YES;
				CLANG_WARN_STRICT_PROTOTYPES = YES;
				CLANG_WARN_SUSPICIOUS_MOVE = YES;
				CLANG_WARN_UNGUARDED_AVAILABILITY = YES_AGGRESSIVE;
				CLANG_WARN_UNREACHABLE_CODE = YES;
				CLANG_WARN__DUPLICATE_METHOD_MATCH = YES;
				COPY_PHASE_STRIP = NO;
				DEBUG_INFORMATION_FORMAT = "dwarf-with-dsym";
				ENABLE_NS_ASSERTIONS = NO;
				ENABLE_STRICT_OBJC_MSGSEND = YES;
				ENABLE_USER_SCRIPT_SANDBOXING = YES;
				GCC_C_LANGUAGE_STANDARD = gnu17;
				GCC_NO_COMMON_BLOCKS = YES;
				GCC_WARN_64_TO_32_BIT_CONVERSION = YES;
				GCC_WARN_ABOUT_RETURN_TYPE = YES_ERROR;
				GCC_WARN_UNDECLARED_SELECTOR = YES;
				GCC_WARN_UNINITIALIZED_AUTOS = YES_AGGRESSIVE;
				GCC_WARN_UNUSED_FUNCTION = YES;
				GCC_WARN_UNUSED_VARIABLE = YES;
				IPHONEOS_DEPLOYMENT_TARGET = 17.0;
				LOCALIZATION_PREFERS_STRING_CATALOGS = YES;
				MTL_ENABLE_DEBUG_INFO = NO;
				MTL_FAST_MATH = YES;
				SDKROOT = iphoneos;
				SWIFT_COMPILATION_MODE = wholemodule;
				VALIDATE_PRODUCT = YES;
			};
			name = Release;
		};
		52792EEA2BEA1F8F00495BD6 /* Debug */ = {
			isa = XCBuildConfiguration;
			buildSettings = {
				ASSETCATALOG_COMPILER_APPICON_NAME = AppIcon;
				ASSETCATALOG_COMPILER_GLOBAL_ACCENT_COLOR_NAME = AccentColor;
				CODE_SIGN_STYLE = Automatic;
				CURRENT_PROJECT_VERSION = 1;
				DEVELOPMENT_TEAM = 63VU5R29DW;
				GENERATE_INFOPLIST_FILE = YES;
				INFOPLIST_FILE = VNPayCodingChallenge/Info.plist;
				INFOPLIST_KEY_UIApplicationSupportsIndirectInputEvents = YES;
				INFOPLIST_KEY_UILaunchStoryboardName = LaunchScreen;
				INFOPLIST_KEY_UIMainStoryboardFile = Main;
				INFOPLIST_KEY_UISupportedInterfaceOrientations_iPad = "UIInterfaceOrientationPortrait UIInterfaceOrientationPortraitUpsideDown UIInterfaceOrientationLandscapeLeft UIInterfaceOrientationLandscapeRight";
				INFOPLIST_KEY_UISupportedInterfaceOrientations_iPhone = "UIInterfaceOrientationPortrait UIInterfaceOrientationLandscapeLeft UIInterfaceOrientationLandscapeRight";
				LD_RUNPATH_SEARCH_PATHS = (
					"$(inherited)",
					"@executable_path/Frameworks",
				);
				MARKETING_VERSION = 1.0;
				PRODUCT_BUNDLE_IDENTIFIER = devphong.VNPayCodingChallenge;
				PRODUCT_NAME = "$(TARGET_NAME)";
				SWIFT_EMIT_LOC_STRINGS = YES;
				SWIFT_VERSION = 5.0;
				TARGETED_DEVICE_FAMILY = "1,2";
			};
			name = Debug;
		};
		52792EEB2BEA1F8F00495BD6 /* Release */ = {
			isa = XCBuildConfiguration;
			buildSettings = {
				ASSETCATALOG_COMPILER_APPICON_NAME = AppIcon;
				ASSETCATALOG_COMPILER_GLOBAL_ACCENT_COLOR_NAME = AccentColor;
				CODE_SIGN_STYLE = Automatic;
				CURRENT_PROJECT_VERSION = 1;
				DEVELOPMENT_TEAM = 63VU5R29DW;
				GENERATE_INFOPLIST_FILE = YES;
				INFOPLIST_FILE = VNPayCodingChallenge/Info.plist;
				INFOPLIST_KEY_UIApplicationSupportsIndirectInputEvents = YES;
				INFOPLIST_KEY_UILaunchStoryboardName = LaunchScreen;
				INFOPLIST_KEY_UIMainStoryboardFile = Main;
				INFOPLIST_KEY_UISupportedInterfaceOrientations_iPad = "UIInterfaceOrientationPortrait UIInterfaceOrientationPortraitUpsideDown UIInterfaceOrientationLandscapeLeft UIInterfaceOrientationLandscapeRight";
				INFOPLIST_KEY_UISupportedInterfaceOrientations_iPhone = "UIInterfaceOrientationPortrait UIInterfaceOrientationLandscapeLeft UIInterfaceOrientationLandscapeRight";
				LD_RUNPATH_SEARCH_PATHS = (
					"$(inherited)",
					"@executable_path/Frameworks",
				);
				MARKETING_VERSION = 1.0;
				PRODUCT_BUNDLE_IDENTIFIER = devphong.VNPayCodingChallenge;
				PRODUCT_NAME = "$(TARGET_NAME)";
				SWIFT_EMIT_LOC_STRINGS = YES;
				SWIFT_VERSION = 5.0;
				TARGETED_DEVICE_FAMILY = "1,2";
			};
			name = Release;
		};
		52792EED2BEA1F8F00495BD6 /* Debug */ = {
			isa = XCBuildConfiguration;
			buildSettings = {
				ALWAYS_EMBED_SWIFT_STANDARD_LIBRARIES = YES;
				BUNDLE_LOADER = "$(TEST_HOST)";
				CODE_SIGN_STYLE = Automatic;
				CURRENT_PROJECT_VERSION = 1;
				DEVELOPMENT_TEAM = 63VU5R29DW;
				GENERATE_INFOPLIST_FILE = YES;
				IPHONEOS_DEPLOYMENT_TARGET = 17.0;
				MARKETING_VERSION = 1.0;
				PRODUCT_BUNDLE_IDENTIFIER = devphong.VNPayCodingChallengeTests;
				PRODUCT_NAME = "$(TARGET_NAME)";
				SWIFT_EMIT_LOC_STRINGS = NO;
				SWIFT_VERSION = 5.0;
				TARGETED_DEVICE_FAMILY = "1,2";
				TEST_HOST = "$(BUILT_PRODUCTS_DIR)/VNPayCodingChallenge.app/$(BUNDLE_EXECUTABLE_FOLDER_PATH)/VNPayCodingChallenge";
			};
			name = Debug;
		};
		52792EEE2BEA1F8F00495BD6 /* Release */ = {
			isa = XCBuildConfiguration;
			buildSettings = {
				ALWAYS_EMBED_SWIFT_STANDARD_LIBRARIES = YES;
				BUNDLE_LOADER = "$(TEST_HOST)";
				CODE_SIGN_STYLE = Automatic;
				CURRENT_PROJECT_VERSION = 1;
				DEVELOPMENT_TEAM = 63VU5R29DW;
				GENERATE_INFOPLIST_FILE = YES;
				IPHONEOS_DEPLOYMENT_TARGET = 17.0;
				MARKETING_VERSION = 1.0;
				PRODUCT_BUNDLE_IDENTIFIER = devphong.VNPayCodingChallengeTests;
				PRODUCT_NAME = "$(TARGET_NAME)";
				SWIFT_EMIT_LOC_STRINGS = NO;
				SWIFT_VERSION = 5.0;
				TARGETED_DEVICE_FAMILY = "1,2";
				TEST_HOST = "$(BUILT_PRODUCTS_DIR)/VNPayCodingChallenge.app/$(BUNDLE_EXECUTABLE_FOLDER_PATH)/VNPayCodingChallenge";
			};
			name = Release;
		};
		52792EF02BEA1F8F00495BD6 /* Debug */ = {
			isa = XCBuildConfiguration;
			buildSettings = {
				ALWAYS_EMBED_SWIFT_STANDARD_LIBRARIES = YES;
				CODE_SIGN_STYLE = Automatic;
				CURRENT_PROJECT_VERSION = 1;
				DEVELOPMENT_TEAM = 63VU5R29DW;
				GENERATE_INFOPLIST_FILE = YES;
				MARKETING_VERSION = 1.0;
				PRODUCT_BUNDLE_IDENTIFIER = devphong.VNPayCodingChallengeUITests;
				PRODUCT_NAME = "$(TARGET_NAME)";
				SWIFT_EMIT_LOC_STRINGS = NO;
				SWIFT_VERSION = 5.0;
				TARGETED_DEVICE_FAMILY = "1,2";
				TEST_TARGET_NAME = VNPayCodingChallenge;
			};
			name = Debug;
		};
		52792EF12BEA1F8F00495BD6 /* Release */ = {
			isa = XCBuildConfiguration;
			buildSettings = {
				ALWAYS_EMBED_SWIFT_STANDARD_LIBRARIES = YES;
				CODE_SIGN_STYLE = Automatic;
				CURRENT_PROJECT_VERSION = 1;
				DEVELOPMENT_TEAM = 63VU5R29DW;
				GENERATE_INFOPLIST_FILE = YES;
				MARKETING_VERSION = 1.0;
				PRODUCT_BUNDLE_IDENTIFIER = devphong.VNPayCodingChallengeUITests;
				PRODUCT_NAME = "$(TARGET_NAME)";
				SWIFT_EMIT_LOC_STRINGS = NO;
				SWIFT_VERSION = 5.0;
				TARGETED_DEVICE_FAMILY = "1,2";
				TEST_TARGET_NAME = VNPayCodingChallenge;
			};
			name = Release;
		};
/* End XCBuildConfiguration section */

/* Begin XCConfigurationList section */
		52792EBA2BEA1F8B00495BD6 /* Build configuration list for PBXProject "VNPayCodingChallenge" */ = {
			isa = XCConfigurationList;
			buildConfigurations = (
				52792EE72BEA1F8F00495BD6 /* Debug */,
				52792EE82BEA1F8F00495BD6 /* Release */,
			);
			defaultConfigurationIsVisible = 0;
			defaultConfigurationName = Release;
		};
		52792EE92BEA1F8F00495BD6 /* Build configuration list for PBXNativeTarget "VNPayCodingChallenge" */ = {
			isa = XCConfigurationList;
			buildConfigurations = (
				52792EEA2BEA1F8F00495BD6 /* Debug */,
				52792EEB2BEA1F8F00495BD6 /* Release */,
			);
			defaultConfigurationIsVisible = 0;
			defaultConfigurationName = Release;
		};
		52792EEC2BEA1F8F00495BD6 /* Build configuration list for PBXNativeTarget "VNPayCodingChallengeTests" */ = {
			isa = XCConfigurationList;
			buildConfigurations = (
				52792EED2BEA1F8F00495BD6 /* Debug */,
				52792EEE2BEA1F8F00495BD6 /* Release */,
			);
			defaultConfigurationIsVisible = 0;
			defaultConfigurationName = Release;
		};
		52792EEF2BEA1F8F00495BD6 /* Build configuration list for PBXNativeTarget "VNPayCodingChallengeUITests" */ = {
			isa = XCConfigurationList;
			buildConfigurations = (
				52792EF02BEA1F8F00495BD6 /* Debug */,
				52792EF12BEA1F8F00495BD6 /* Release */,
			);
			defaultConfigurationIsVisible = 0;
			defaultConfigurationName = Release;
		};
/* End XCConfigurationList section */
	};
	rootObject = 52792EB72BEA1F8B00495BD6 /* Project object */;
}
